
Microsoft Visual Studio Solution File, Format Version 12.00
# Visual Studio Version 17
VisualStudioVersion = 17.13.35919.96 d17.13
MinimumVisualStudioVersion = 10.0.40219.1
Project("{8BC9CEB8-8B4A-11D0-8D11-00A0C91BC942}") = "winpcap_Sniffer", "winpcap_Sniffer.vcxproj", "{89ED7B9E-3BF8-E66F-1447-68883BE1A593}"
EndProject
Global
	GlobalSection(SolutionConfigurationPlatforms) = preSolution
		Debug|x64 = Debug|x64
		Debug|x86 = Debug|x86
		Release|x64 = Release|x64
		Release|x86 = Release|x86
	EndGlobalSection
	GlobalSection(ProjectConfigurationPlatforms) = postSolution
		{89ED7B9E-3BF8-E66F-1447-68883BE1A593}.Debug|x64.ActiveCfg = Debug|x64
		{89ED7B9E-3BF8-E66F-1447-68883BE1A593}.Debug|x64.Build.0 = Debug|x64
		{89ED7B9E-3BF8-E66F-1447-68883BE1A593}.Debug|x86.ActiveCfg = Debug|Win32
		{89ED7B9E-3BF8-E66F-1447-68883BE1A593}.Debug|x86.Build.0 = Debug|Win32
		{89ED7B9E-3BF8-E66F-1447-68883BE1A593}.Release|x64.ActiveCfg = Release|x64
		{89ED7B9E-3BF8-E66F-1447-68883BE1A593}.Release|x64.Build.0 = Release|x64
		{89ED7B9E-3BF8-E66F-1447-68883BE1A593}.Release|x86.ActiveCfg = Release|Win32
		{89ED7B9E-3BF8-E66F-1447-68883BE1A593}.Release|x86.Build.0 = Release|Win32
	EndGlobalSection
	GlobalSection(SolutionProperties) = preSolution
		HideSolutionNode = FALSE
	EndGlobalSection
	GlobalSection(ExtensibilityGlobals) = postSolution
		SolutionGuid = {7EBADDC3-09F2-4D57-B356-FA3B0E0ADA06}
	EndGlobalSection
EndGlobal
